
Microsoft Visual Studio Solution File, Format Version 12.00
# Visual Studio Version 17
VisualStudioVersion = 17.8.34330.188
MinimumVisualStudioVersion = 10.0.40219.1
Project("{FAE04EC0-301F-11D3-BF4B-00C04F79EFBC}") = "RGB_to_Grayscale_Converter", "RGB_to_Grayscale_Converter\RGB_to_Grayscale_Converter.csproj", "{34CC5E68-E9AD-4E5D-8161-535963EE19BD}"
EndProject
Global
	GlobalSection(SolutionConfigurationPlatforms) = preSolution
		Debug|Any CPU = Debug|Any CPU
		Release|Any CPU = Release|Any CPU
	EndGlobalSection
	GlobalSection(ProjectConfigurationPlatforms) = postSolution
		{34CC5E68-E9AD-4E5D-8161-535963EE19BD}.Debug|Any CPU.ActiveCfg = Debug|Any CPU
		{34CC5E68-E9AD-4E5D-8161-535963EE19BD}.Debug|Any CPU.Build.0 = Debug|Any CPU
		{34CC5E68-E9AD-4E5D-8161-535963EE19BD}.Release|Any CPU.ActiveCfg = Release|Any CPU
		{34CC5E68-E9AD-4E5D-8161-535963EE19BD}.Release|Any CPU.Build.0 = Release|Any CPU
	EndGlobalSection
	GlobalSection(SolutionProperties) = preSolution
		HideSolutionNode = FALSE
	EndGlobalSection
	GlobalSection(ExtensibilityGlobals) = postSolution
		SolutionGuid = {BCE61976-7FF5-4FAF-A616-87801E1115DA}
	EndGlobalSection
EndGlobal
